PODS:
  - Action (4.2.0):
    - RxCocoa (< 7.0, >= 5.0)
    - RxSwift (< 7.0, >= 5.0)
  - Alamofire (5.4.0)
  - IQKeyboardManager (6.5.6)
  - Moya/Core (14.0.0):
    - Alamofire (~> 5.0)
  - Moya/RxSwift (14.0.0):
    - Moya/Core
    - RxSwift (~> 5.0)
  - ObjectMapper (4.2.0)
  - PKHUD (5.3.0)
  - R.swift (5.3.0):
    - R.swift.Library (~> 5.3.0)
  - R.swift.Library (5.3.0)
  - RxCocoa (5.1.1):
    - RxRelay (~> 5)
    - RxSwift (~> 5)
  - RxRelay (5.1.1):
    - RxSwift (~> 5)
  - RxSwift (5.1.1)
  - RxSwiftExt (5.2.0):
    - RxSwiftExt/Core (= 5.2.0)
    - RxSwiftExt/RxCocoa (= 5.2.0)
  - RxSwiftExt/Core (5.2.0):
    - RxSwift (~> 5.0)
  - RxSwiftExt/RxCocoa (5.2.0):
    - RxCocoa (~> 5.0)
    - RxSwiftExt/Core
  - SegueManager/iOS (4.2.0)
  - SegueManager/R.swift (4.2.0):
    - R.swift.Library
    - SegueManager/iOS

DEPENDENCIES:
  - Action
  - IQKeyboardManager
  - Moya/RxSwift
  - ObjectMapper
  - PKHUD
  - R.swift
  - RxCocoa
  - RxSwift
  - RxSwiftExt
  - SegueManager/R.swift

SPEC REPOS:
  trunk:
    - Action
    - Alamofire
    - IQKeyboardManager
    - Moya
    - ObjectMapper
    - PKHUD
    - R.swift
    - R.swift.Library
    - RxCocoa
    - RxRelay
    - RxSwift
    - RxSwiftExt
    - SegueManager

SPEC CHECKSUMS:
  Action: 5dc2194f7a0b77857c82a677b0da655f197c005f
  Alamofire: 3b6a534a3df22db367e4dedeeca73d1ddfcf0e2f
  IQKeyboardManager: 2a6e97afdafc7becf0cb17a9a8d795e3a980717f
  Moya: 5b45dacb75adb009f97fde91c204c1e565d31916
  ObjectMapper: 1eb41f610210777375fa806bf161dc39fb832b81
  PKHUD: 98f3e4bc904b9c916f1c5bb6d765365b5357291b
  R.swift: 4170fb7161c67be3bc1a847040b79367d69c419f
  R.swift.Library: 0fc583cb55a99e28901299cc451614cad1161962
  RxCocoa: 32065309a38d29b5b0db858819b5bf9ef038b601
  RxRelay: d77f7d771495f43c556cbc43eebd1bb54d01e8e9
  RxSwift: 81470a2074fa8780320ea5fe4102807cb7118178
  RxSwiftExt: 4ca80336f43c28f11a2825cdd2fc61dd6c044697
  SegueManager: 4f0c9e8237fe4b925129f17964caf81d1d6341bf

PODFILE CHECKSUM: 9882ce303460e9def3a21264e2b14347d5706385

COCOAPODS: 1.10.0
